
Microsoft Visual Studio Solution File, Format Version 12.00
# Visual Studio Version 17
VisualStudioVersion = 17.14.36414.22 d17.14
MinimumVisualStudioVersion = 10.0.40219.1
Project("{FAE04EC0-301F-11D3-BF4B-00C04F79EFBC}") = "GrowMate", "GrowMate\GrowMate.csproj", "{3378D3E0-73D9-4032-95B1-7756235349CD}"
EndProject
Global
	GlobalSection(SolutionConfigurationPlatforms) = preSolution
		Debug|Any CPU = Debug|Any CPU
		Release|Any CPU = Release|Any CPU
	EndGlobalSection
	GlobalSection(ProjectConfigurationPlatforms) = postSolution
		{3378D3E0-73D9-4032-95B1-7756235349CD}.Debug|Any CPU.ActiveCfg = Debug|Any CPU
		{3378D3E0-73D9-4032-95B1-7756235349CD}.Debug|Any CPU.Build.0 = Debug|Any CPU
		{3378D3E0-73D9-4032-95B1-7756235349CD}.Release|Any CPU.ActiveCfg = Release|Any CPU
		{3378D3E0-73D9-4032-95B1-7756235349CD}.Release|Any CPU.Build.0 = Release|Any CPU
	EndGlobalSection
	GlobalSection(SolutionProperties) = preSolution
		HideSolutionNode = FALSE
	EndGlobalSection
	GlobalSection(ExtensibilityGlobals) = postSolution
		SolutionGuid = {6DC21893-1D2B-4CDD-AF95-D8A8DCF81026}
	EndGlobalSection
EndGlobal
